
Microsoft Visual Studio Solution File, Format Version 12.00
# Visual Studio Version 17
VisualStudioVersion = 17.14.36310.24 d17.14
MinimumVisualStudioVersion = 10.0.40219.1
Project("{FAE04EC0-301F-11D3-BF4B-00C04F79EFBC}") = "ChristmasTreeApp", "ChristmasTreeApp\ChristmasTreeApp.csproj", "{426DCBEF-DF71-4CE9-A134-E92E1AB5E1DA}"
EndProject
Global
	GlobalSection(SolutionConfigurationPlatforms) = preSolution
		Debug|Any CPU = Debug|Any CPU
		Release|Any CPU = Release|Any CPU
	EndGlobalSection
	GlobalSection(ProjectConfigurationPlatforms) = postSolution
		{426DCBEF-DF71-4CE9-A134-E92E1AB5E1DA}.Debug|Any CPU.ActiveCfg = Debug|Any CPU
		{426DCBEF-DF71-4CE9-A134-E92E1AB5E1DA}.Debug|Any CPU.Build.0 = Debug|Any CPU
		{426DCBEF-DF71-4CE9-A134-E92E1AB5E1DA}.Release|Any CPU.ActiveCfg = Release|Any CPU
		{426DCBEF-DF71-4CE9-A134-E92E1AB5E1DA}.Release|Any CPU.Build.0 = Release|Any CPU
	EndGlobalSection
	GlobalSection(SolutionProperties) = preSolution
		HideSolutionNode = FALSE
	EndGlobalSection
	GlobalSection(ExtensibilityGlobals) = postSolution
		SolutionGuid = {75C22E80-16FC-4EF0-9CB2-ECB7C7B84C4D}
	EndGlobalSection
EndGlobal
